
Microsoft Visual Studio Solution File, Format Version 12.00
# Visual Studio Version 16
VisualStudioVersion = 16.0.29926.136
MinimumVisualStudioVersion = 10.0.40219.1
Project("{FAE04EC0-301F-11D3-BF4B-00C04F79EFBC}") = "Aula01", "Aula01\Aula01.csproj", "{3EDC890D-7529-48DB-B1DE-9D4C8A884A83}"
EndProject
Global
	GlobalSection(SolutionConfigurationPlatforms) = preSolution
		Debug|Any CPU = Debug|Any CPU
		Release|Any CPU = Release|Any CPU
	EndGlobalSection
	GlobalSection(ProjectConfigurationPlatforms) = postSolution
		{3EDC890D-7529-48DB-B1DE-9D4C8A884A83}.Debug|Any CPU.ActiveCfg = Debug|Any CPU
		{3EDC890D-7529-48DB-B1DE-9D4C8A884A83}.Debug|Any CPU.Build.0 = Debug|Any CPU
		{3EDC890D-7529-48DB-B1DE-9D4C8A884A83}.Release|Any CPU.ActiveCfg = Release|Any CPU
		{3EDC890D-7529-48DB-B1DE-9D4C8A884A83}.Release|Any CPU.Build.0 = Release|Any CPU
	EndGlobalSection
	GlobalSection(SolutionProperties) = preSolution
		HideSolutionNode = FALSE
	EndGlobalSection
	GlobalSection(ExtensibilityGlobals) = postSolution
		SolutionGuid = {14DFCA79-EB73-49DD-8631-64D0D85ABB47}
	EndGlobalSection
EndGlobal
